
Microsoft Visual Studio Solution File, Format Version 12.00
# Visual Studio 15
VisualStudioVersion = 15.0.28010.2026
MinimumVisualStudioVersion = 10.0.40219.1
Project("{9A19103F-16F7-4668-BE54-9A1E7A4F7556}") = "DbConfiguration", "src\DbConfiguration.csproj", "{E2C0BBDE-E010-4557-9092-D4D2706B083B}"
EndProject
Project("{2150E333-8FDC-42A3-9474-1A3956D46DE8}") = "Example", "Example", "{A94AE050-96C0-4D42-A518-29AEC597F792}"
EndProject
Project("{9A19103F-16F7-4668-BE54-9A1E7A4F7556}") = "WebService", "Example\WebService\WebService.csproj", "{893D58FD-CC1F-4DE4-B636-5F66CF78C20C}"
EndProject
Global
	GlobalSection(SolutionConfigurationPlatforms) = preSolution
		Debug|Any CPU = Debug|Any CPU
		Release|Any CPU = Release|Any CPU
	EndGlobalSection
	GlobalSection(ProjectConfigurationPlatforms) = postSolution
		{E2C0BBDE-E010-4557-9092-D4D2706B083B}.Debug|Any CPU.ActiveCfg = Debug|Any CPU
		{E2C0BBDE-E010-4557-9092-D4D2706B083B}.Debug|Any CPU.Build.0 = Debug|Any CPU
		{E2C0BBDE-E010-4557-9092-D4D2706B083B}.Release|Any CPU.ActiveCfg = Release|Any CPU
		{E2C0BBDE-E010-4557-9092-D4D2706B083B}.Release|Any CPU.Build.0 = Release|Any CPU
		{893D58FD-CC1F-4DE4-B636-5F66CF78C20C}.Debug|Any CPU.ActiveCfg = Debug|Any CPU
		{893D58FD-CC1F-4DE4-B636-5F66CF78C20C}.Debug|Any CPU.Build.0 = Debug|Any CPU
		{893D58FD-CC1F-4DE4-B636-5F66CF78C20C}.Release|Any CPU.ActiveCfg = Release|Any CPU
		{893D58FD-CC1F-4DE4-B636-5F66CF78C20C}.Release|Any CPU.Build.0 = Release|Any CPU
	EndGlobalSection
	GlobalSection(SolutionProperties) = preSolution
		HideSolutionNode = FALSE
	EndGlobalSection
	GlobalSection(NestedProjects) = preSolution
		{893D58FD-CC1F-4DE4-B636-5F66CF78C20C} = {A94AE050-96C0-4D42-A518-29AEC597F792}
	EndGlobalSection
	GlobalSection(ExtensibilityGlobals) = postSolution
		SolutionGuid = {64269F8F-CA58-4777-956F-FFDF36394F48}
	EndGlobalSection
EndGlobal
